
Microsoft Visual Studio Solution File, Format Version 12.00
# Visual Studio Version 17
VisualStudioVersion = 17.0.31903.59
MinimumVisualStudioVersion = 10.0.40219.1
Project("{FAE04EC0-301F-11D3-BF4B-00C04F79EFBC}") = "Portal", "Portal\Portal.csproj", "{B288D82A-668D-4BD7-908E-62B5735032DD}"
EndProject
Project("{FAE04EC0-301F-11D3-BF4B-00C04F79EFBC}") = "SaasApp", "SaasApp\SaasApp.csproj", "{0E589F2E-038D-4B6F-A253-A0A2CB6ABC6A}"
EndProject
Global
	GlobalSection(SolutionConfigurationPlatforms) = preSolution
		Debug|Any CPU = Debug|Any CPU
		Release|Any CPU = Release|Any CPU
	EndGlobalSection
	GlobalSection(SolutionProperties) = preSolution
		HideSolutionNode = FALSE
	EndGlobalSection
	GlobalSection(ProjectConfigurationPlatforms) = postSolution
		{B288D82A-668D-4BD7-908E-62B5735032DD}.Debug|Any CPU.ActiveCfg = Debug|Any CPU
		{B288D82A-668D-4BD7-908E-62B5735032DD}.Debug|Any CPU.Build.0 = Debug|Any CPU
		{B288D82A-668D-4BD7-908E-62B5735032DD}.Release|Any CPU.ActiveCfg = Release|Any CPU
		{B288D82A-668D-4BD7-908E-62B5735032DD}.Release|Any CPU.Build.0 = Release|Any CPU
		{0E589F2E-038D-4B6F-A253-A0A2CB6ABC6A}.Debug|Any CPU.ActiveCfg = Debug|Any CPU
		{0E589F2E-038D-4B6F-A253-A0A2CB6ABC6A}.Debug|Any CPU.Build.0 = Debug|Any CPU
		{0E589F2E-038D-4B6F-A253-A0A2CB6ABC6A}.Release|Any CPU.ActiveCfg = Release|Any CPU
		{0E589F2E-038D-4B6F-A253-A0A2CB6ABC6A}.Release|Any CPU.Build.0 = Release|Any CPU
	EndGlobalSection
EndGlobal
