
Microsoft Visual Studio Solution File, Format Version 12.00
# Visual Studio Version 17
VisualStudioVersion = 17.0.31903.59
MinimumVisualStudioVersion = 10.0.40219.1
Project("{FAE04EC0-301F-11D3-BF4B-00C04F79EFBC}") = "BankApp", "BankApp\BankApp.csproj", "{58A36789-D0DD-4CA5-8F42-562C51F7517E}"
EndProject
Project("{FAE04EC0-301F-11D3-BF4B-00C04F79EFBC}") = "Banking", "Banking\Banking.csproj", "{FA11185A-2D7C-4514-BDCC-059BD6766E6C}"
EndProject
Global
	GlobalSection(SolutionConfigurationPlatforms) = preSolution
		Debug|Any CPU = Debug|Any CPU
		Release|Any CPU = Release|Any CPU
	EndGlobalSection
	GlobalSection(SolutionProperties) = preSolution
		HideSolutionNode = FALSE
	EndGlobalSection
	GlobalSection(ProjectConfigurationPlatforms) = postSolution
		{58A36789-D0DD-4CA5-8F42-562C51F7517E}.Debug|Any CPU.ActiveCfg = Debug|Any CPU
		{58A36789-D0DD-4CA5-8F42-562C51F7517E}.Debug|Any CPU.Build.0 = Debug|Any CPU
		{58A36789-D0DD-4CA5-8F42-562C51F7517E}.Release|Any CPU.ActiveCfg = Release|Any CPU
		{58A36789-D0DD-4CA5-8F42-562C51F7517E}.Release|Any CPU.Build.0 = Release|Any CPU
		{FA11185A-2D7C-4514-BDCC-059BD6766E6C}.Debug|Any CPU.ActiveCfg = Debug|Any CPU
		{FA11185A-2D7C-4514-BDCC-059BD6766E6C}.Debug|Any CPU.Build.0 = Debug|Any CPU
		{FA11185A-2D7C-4514-BDCC-059BD6766E6C}.Release|Any CPU.ActiveCfg = Release|Any CPU
		{FA11185A-2D7C-4514-BDCC-059BD6766E6C}.Release|Any CPU.Build.0 = Release|Any CPU
	EndGlobalSection
EndGlobal
